# THIS IS AN AUTOGENERATED FILE. DO NOT EDIT THIS FILE DIRECTLY.
# yarn lockfile v1


"@types/c3@^0.6.0":
  version "0.6.2"
  resolved "https://registry.yarnpkg.com/@types/c3/-/c3-0.6.2.tgz#b4d5fc5dbe05b900a531544786f8cfedf5b8e416"
  integrity sha512-l86MGOQLqwMkxU0WzEVGCtsQsGBHSFGMWXSu+cFr+wYcIkUAjQhp5ANluTWgGtltNadaGwyv33Qwwzfq0QKaIg==
  dependencies:
    "@types/d3" "^4"

"@types/d3-array@*":
  version "1.2.4"
  resolved "https://registry.yarnpkg.com/@types/d3-array/-/d3-array-1.2.4.tgz#7088445c8717ba1fba416a1df7bbd11cc72a3763"
  integrity sha512-3r1fOAAb+SGfcOGXty/LGvoP0ovMec4UtGNUyHOSzYyvSGpmt+eNMxLowol/3HryusevznSfcHZebEShXMwsZA==

"@types/d3-axis@*":
  version "1.0.11"
  resolved "https://registry.yarnpkg.com/@types/d3-axis/-/d3-axis-1.0.11.tgz#efd975f9fec14c2afd03828f3acec0ef97d37c3b"
  integrity sha512-cuigApCyCwYJxaQPghj+BqaxzbdRdT/lpZBMtF7EuEIJ61NMQ8yvGnqFvHCIgJEmUu2Wb2wiZqy9kiHi3Ddftg==
  dependencies:
    "@types/d3-selection" "*"

"@types/d3-brush@*":
  version "1.0.9"
  resolved "https://registry.yarnpkg.com/@types/d3-brush/-/d3-brush-1.0.9.tgz#c71070845946eeee4cf330e04123a3997e6476bf"
  integrity sha512-mAx8IVc0luUHfk51pl0UN1vzybnAzLMUsvIwLt3fbsqqPkSXr+Pu1AxOPPeyNc27LhHJnfH/LCV7Jlv+Yzqu1A==
  dependencies:
    "@types/d3-selection" "*"

"@types/d3-chord@*":
  version "1.0.8"
  resolved "https://registry.yarnpkg.com/@types/d3-chord/-/d3-chord-1.0.8.tgz#08c0fbb10281be0a5b3fdf48c9c081af02f79fb6"
  integrity sha512-F0ftYOo7FenAIxsRjXLt8vbij0NLDuVcL+xaGY7R9jUmF2Mrpj1T5XukBI9Cad+Ei7YSxEWREIO+CYcaKCl2qQ==

"@types/d3-collection@*":
  version "1.0.7"
  resolved "https://registry.yarnpkg.com/@types/d3-collection/-/d3-collection-1.0.7.tgz#829e1db477d6bbbcdc038cbc489f22798752d707"
  integrity sha512-vR3BT0GwHc5y93Jv6bxn3zoxP/vGu+GdXu/r1ApjbP9dLk9I2g6NiV7iP/QMQSuFZd0It0n/qWrfXHxCWwHIkg==

"@types/d3-color@*":
  version "1.2.1"
  resolved "https://registry.yarnpkg.com/@types/d3-color/-/d3-color-1.2.1.tgz#26141c3c554e320edd40726b793570a3ae57397e"
  integrity sha512-xwb1tqvYNWllbHuhMFhiXk63Imf+QNq/dJdmbXmr2wQVnwGenCuj3/0IWJ9hdIFQIqzvhT7T37cvx93jtAsDbQ==

"@types/d3-dispatch@*":
  version "1.0.6"
  resolved "https://registry.yarnpkg.com/@types/d3-dispatch/-/d3-dispatch-1.0.6.tgz#19b173f669cd2ab7dd3d862e8037aae1a98c7508"
  integrity sha512-xyWJQMr832vqhu6fD/YqX+MSFBWnkxasNhcStvlhqygXxj0cKqPft0wuGoH5TIq5ADXgP83qeNVa4R7bEYN3uA==

"@types/d3-drag@*":
  version "1.2.2"
  resolved "https://registry.yarnpkg.com/@types/d3-drag/-/d3-drag-1.2.2.tgz#1cdd7716212a8cdef0a24c782c9d86c6aeb4a451"
  integrity sha512-+UKFeaMVTfSQvMO0PTzOyLXSr7OZbF2Rx1iNVwo2XsyiOsd4MSuLyJKUwRmGn67044QpbNzr+VD6/8iBBLExWw==
  dependencies:
    "@types/d3-selection" "*"

"@types/d3-dsv@*":
  version "1.0.34"
  resolved "https://registry.yarnpkg.com/@types/d3-dsv/-/d3-dsv-1.0.34.tgz#b7b3c75653a31b1e2555c9c0300a6eaf12a5b6fd"
  integrity sha512-/grhPLPFJ17GxH18EB8OSOlqcsLahz1xlKb08cVUu3OP83wBPxfoX2otVvLJDTL6BEP0kyTNsA2SdGrRhWwSBQ==

"@types/d3-ease@*":
  version "1.0.7"
  resolved "https://registry.yarnpkg.com/@types/d3-ease/-/d3-ease-1.0.7.tgz#93a301868be9e15061f3d44343b1ab3f8acb6f09"
  integrity sha1-k6MBhovp4VBh89RDQ7GrP4rLbwk=

"@types/d3-force@*":
  version "1.1.1"
  resolved "https://registry.yarnpkg.com/@types/d3-force/-/d3-force-1.1.1.tgz#185c18b77932df63457894bd36d0d6e9692546c0"
  integrity sha512-ePkELuaFWY4yOuf+Bvx5Xd+ihFiYG4bdnW0BlvigovIm8Sob2t76e9RGO6lybQbv6AlW9Icn9HuZ9fmdzEoJyg==

"@types/d3-format@*":
  version "1.3.0"
  resolved "https://registry.yarnpkg.com/@types/d3-format/-/d3-format-1.3.0.tgz#c5e115fac8e6861ce656fe9861892b22f6b0cfcb"
  integrity sha512-ZiY4j3iJvAdOwzwW24WjlZbUNvqOsnPAMfPBmdXqxj3uKJbrzBlRrdGl5uC89pZpFs9Dc92E81KcwG2uEgkIZA==

"@types/d3-geo@*":
  version "1.10.3"
  resolved "https://registry.yarnpkg.com/@types/d3-geo/-/d3-geo-1.10.3.tgz#3c01b2baa480e1108301096328dc2837e7ff4d8a"
  integrity sha512-hfdaxM2L0wA9mDZrrSf2o+DyhEpnJYCiAN+lHFtpfZOVCQrYBA5g33sGRpUbAvjSMyO5jkHbftMWPEhuCMChSg==
  dependencies:
    "@types/geojson" "*"

"@types/d3-hierarchy@*":
  version "1.1.5"
  resolved "https://registry.yarnpkg.com/@types/d3-hierarchy/-/d3-hierarchy-1.1.5.tgz#b9a941bbfbd8f83a163a1667aae8a52f41a9edab"
  integrity sha512-DKhqURrURt2c7MsF9sHiF2wrWf2+yZR4Q9oIG026t/ZY4VWoM0Yd7UonaR+rygyReWcFSEjKC/+5A27TgD8R8g==

"@types/d3-interpolate@*":
  version "1.3.0"
  resolved "https://registry.yarnpkg.com/@types/d3-interpolate/-/d3-interpolate-1.3.0.tgz#65b9627900bfdd82474875d9b23d574a4388af7c"
  integrity sha512-Ng4ds7kPSvP/c3W3J5PPUQlgewif1tGBqCeh5lgY+UG82Y7H9zQ8c2gILsEFDLg7wRGOwnuKZ940Q/LSN14w9w==
  dependencies:
    "@types/d3-color" "*"

"@types/d3-path@*":
  version "1.0.7"
  resolved "https://registry.yarnpkg.com/@types/d3-path/-/d3-path-1.0.7.tgz#a0736fceed688a695f48265a82ff7a3369414b81"
  integrity sha512-U8dFRG+8WhkLJr2sxZ9Cw/5WeRgBnNqMxGdA1+Z0+ZG6tK0s75OQ4OXnxeyfKuh6E4wQPY8OAKr1+iNDx01BEQ==

"@types/d3-polygon@*":
  version "1.0.6"
  resolved "https://registry.yarnpkg.com/@types/d3-polygon/-/d3-polygon-1.0.6.tgz#db25c630a2afb9191fe51ba61dd37baee9dd44c7"
  integrity sha512-E6Kyodn9JThgLq20nxSbEce9ow5/ePgm9PX2EO6W1INIL4DayM7cFaiG10DStuamjYAd0X4rntW2q+GRjiIktw==

"@types/d3-quadtree@*":
  version "1.0.6"
  resolved "https://registry.yarnpkg.com/@types/d3-quadtree/-/d3-quadtree-1.0.6.tgz#45da9e603688ba90eedd3d40f6e504764e06e493"
  integrity sha512-sphVuDdiSIaxLt9kQgebJW98pTktQ/xuN7Ysd8X68Rnjeg/q8+c36/ShlqU52qoKg9nob/JEHH1uQMdxURZidQ==

"@types/d3-queue@*":
  version "3.0.7"
  resolved "https://registry.yarnpkg.com/@types/d3-queue/-/d3-queue-3.0.7.tgz#94dc7af693281ab78ccdf381a8c1f71ef16659c1"
  integrity sha512-nBbDO69wu1TUWqtGYAePw40jSPcQSt5VwAf7403vYopVCs3Rtbt5f47j2wbuMY4Z2x543VbTIlDo5gwdpV5O+Q==

"@types/d3-random@*":
  version "1.1.1"
  resolved "https://registry.yarnpkg.com/@types/d3-random/-/d3-random-1.1.1.tgz#38647ce2ff4ce7d0d56974334c1c4092513c8b9f"
  integrity sha512-jUPeBq1XKK9/5XasTvy5QAUwFeMsjma2yt/nP02yC2Tijovx7i/W5776U/HZugxc5SSmtpx4Z3g9KFVon0QrjQ==

"@types/d3-request@*":
  version "1.0.4"
  resolved "https://registry.yarnpkg.com/@types/d3-request/-/d3-request-1.0.4.tgz#b7bde4c63794ee6a47dc3d71d64ca91b9ac87349"
  integrity sha512-6ZVaWdXNjXEp3A+PB/vMTIZDfmEiSay3oDyy7HpsTmnSAWSsqfXYTE9RxMmZs8MY0QMFbtous0LiUSrv5uOGXA==
  dependencies:
    "@types/d3-dsv" "*"

"@types/d3-scale@^1":
  version "1.0.14"
  resolved "https://registry.yarnpkg.com/@types/d3-scale/-/d3-scale-1.0.14.tgz#4544e4eb61e3712dacaba9dd8910e745bb7a9840"
  integrity sha512-dW6Ii8bH+10klJzVVPPeeQvRpCbX3BO3x9cLTngu/+lXNDbk2uC51aFAA/XhocehZroaG5ajwAFelMFsgpClMg==
  dependencies:
    "@types/d3-time" "*"

"@types/d3-selection@*":
  version "1.3.4"
  resolved "https://registry.yarnpkg.com/@types/d3-selection/-/d3-selection-1.3.4.tgz#2f9b71e25fb73bc95c3842dd52b7e6d523292896"
  integrity sha512-WQ6Ivy7VuUlZ/Grqc8493ZxC+y/fpvZLy5+8ELvmCr2hll8eJPUqC05l6fgRRA7kjqlpbH7lbmvY6pRKf6yzxw==

"@types/d3-shape@*":
  version "1.2.7"
  resolved "https://registry.yarnpkg.com/@types/d3-shape/-/d3-shape-1.2.7.tgz#c029081205f60caa9c98ef1d52c621e36a8d7160"
  integrity sha512-b2jpGcddOseeNxchaR1SNLqA5xZAbgKix3cXiFeuGeYIEAEUu91UbtelCxOHIUTbNURFnjcbkf4plRbejNzVaQ==
  dependencies:
    "@types/d3-path" "*"

"@types/d3-time-format@*":
  version "2.1.0"
  resolved "https://registry.yarnpkg.com/@types/d3-time-format/-/d3-time-format-2.1.0.tgz#011e0fb7937be34a9a8f580ae1e2f2f1336a8a22"
  integrity sha512-/myT3I7EwlukNOX2xVdMzb8FRgNzRMpsZddwst9Ld/VFe6LyJyRp0s32l/V9XoUzk+Gqu56F/oGk6507+8BxrA==

"@types/d3-time@*":
  version "1.0.9"
  resolved "https://registry.yarnpkg.com/@types/d3-time/-/d3-time-1.0.9.tgz#c2cf05a3cd51f810b8d8a9bbca0c74030d4e535e"
  integrity sha512-m+D4NbQdDlTVaO7QgXAnatR3IDxQYDMBtRhgSCi5rs9R1LPq1y7/2aqa1FJ2IWjFm1mOV63swDxonnCDlHgHMA==

"@types/d3-timer@*":
  version "1.0.8"
  resolved "https://registry.yarnpkg.com/@types/d3-timer/-/d3-timer-1.0.8.tgz#a3441d9605367059e14ad8c3494132143cbc8d58"
  integrity sha512-AKUgQ/nljUFcUO2P3gK24weVI5XwUTdJvjoh8gJ0yxT4aJ+d7t2Or3TB+k9dEYl14BAjoj32D0ky+YzQSVszfg==

"@types/d3-transition@*":
  version "1.1.3"
  resolved "https://registry.yarnpkg.com/@types/d3-transition/-/d3-transition-1.1.3.tgz#efcf4941dae22135d595514ba488f4f370d396b0"
  integrity sha512-1EukXNuVu/z2G1GZpZagzFJnie9C5zze17ox/vhTgGXNy46rYAm4UkhLLlUeeZ1ndq88k95SOeC8898RpKMLOQ==
  dependencies:
    "@types/d3-selection" "*"

"@types/d3-voronoi@*":
  version "1.1.8"
  resolved "https://registry.yarnpkg.com/@types/d3-voronoi/-/d3-voronoi-1.1.8.tgz#a039cb8368bce4efc1a70aebe744d210851cf1a7"
  integrity sha512-zqNhW7QsYQGlfOdrwPNPG3Wk64zUa4epKRurkJ/dVc6oeXrB+iTDt8sRZ0KZKOOXvvfa1dcdB0e45TZeLBiodQ==

"@types/d3-zoom@*":
  version "1.7.3"
  resolved "https://registry.yarnpkg.com/@types/d3-zoom/-/d3-zoom-1.7.3.tgz#ed9421551328157f70edabc401d8c91c38d360d9"
  integrity sha512-Tz7+z4+Id0MxERw/ozinC5QHJmGLARs9Mpi/7VVfiR+9AHcFGe9q+fjQa30/oPNY8WPuCh5p5uuXmBYAJ3y91Q==
  dependencies:
    "@types/d3-interpolate" "*"
    "@types/d3-selection" "*"

"@types/d3@^4":
  version "4.13.1"
  resolved "https://registry.yarnpkg.com/@types/d3/-/d3-4.13.1.tgz#6d12ecab1ceb704fb41e4ac43e1c45f7fef016c8"
  integrity sha512-aJDD18fjLurxior2/3aZ+Trvu5kcCEwoujGGt6LrLXsdxv9KR1gCeJQOve7tUwvSQhrIUsXNfTHhXNnfRxnyaA==
  dependencies:
    "@types/d3-array" "*"
    "@types/d3-axis" "*"
    "@types/d3-brush" "*"
    "@types/d3-chord" "*"
    "@types/d3-collection" "*"
    "@types/d3-color" "*"
    "@types/d3-dispatch" "*"
    "@types/d3-drag" "*"
    "@types/d3-dsv" "*"
    "@types/d3-ease" "*"
    "@types/d3-force" "*"
    "@types/d3-format" "*"
    "@types/d3-geo" "*"
    "@types/d3-hierarchy" "*"
    "@types/d3-interpolate" "*"
    "@types/d3-path" "*"
    "@types/d3-polygon" "*"
    "@types/d3-quadtree" "*"
    "@types/d3-queue" "*"
    "@types/d3-random" "*"
    "@types/d3-request" "*"
    "@types/d3-scale" "^1"
    "@types/d3-selection" "*"
    "@types/d3-shape" "*"
    "@types/d3-time" "*"
    "@types/d3-time-format" "*"
    "@types/d3-timer" "*"
    "@types/d3-transition" "*"
    "@types/d3-voronoi" "*"
    "@types/d3-zoom" "*"

"@types/geojson@*":
  version "7946.0.4"
  resolved "https://registry.yarnpkg.com/@types/geojson/-/geojson-7946.0.4.tgz#4e049756383c3f055dd8f3d24e63fb543e98eb07"
  integrity sha512-MHmwBtCb7OCv1DSivz2UNJXPGU/1btAWRKlqJ2saEhVJkpkvqHMMaOpKg0v4sAbDWSQekHGvPVMM8nQ+Jen03Q==

bootstrap-datepicker@^1.7.1:
  version "1.8.0"
  resolved "https://registry.yarnpkg.com/bootstrap-datepicker/-/bootstrap-datepicker-1.8.0.tgz#c63513931e6f09f16ae9f11b62f32d950df3958e"
  integrity sha512-213St/G8KT3mjs4qu4qwww74KWysMaIeqgq5OhrboZjIjemIpyuxlSo9FNNI5+KzpkkxkRRba+oewiRGV42B1A==
  dependencies:
    jquery ">=1.7.1 <4.0.0"

bootstrap-sass@^3.4.0:
  version "3.4.1"
  resolved "https://registry.yarnpkg.com/bootstrap-sass/-/bootstrap-sass-3.4.1.tgz#6843c73b1c258a0ac5cb2cc6f6f5285b664a8e9a"
  integrity sha512-p5rxsK/IyEDQm2CwiHxxUi0MZZtvVFbhWmyMOt4lLkA4bujDA1TGoKT0i1FKIWiugAdP+kK8T5KMDFIKQCLYIA==

bootstrap-select@1.12.2:
  version "1.12.2"
  resolved "https://registry.yarnpkg.com/bootstrap-select/-/bootstrap-select-1.12.2.tgz#58d095b3fd584b31443866fbe39b6fdd4e4e12a4"
  integrity sha1-WNCVs/1YSzFEOGb745tv3U5OEqQ=
  dependencies:
    jquery ">=1.8"

bootstrap-slider@^9.9.0:
  version "9.10.0"
  resolved "https://registry.yarnpkg.com/bootstrap-slider/-/bootstrap-slider-9.10.0.tgz#1103d6bc00cfbfa8cfc9a2599ab518c55643da3f"
  integrity sha1-EQPWvADPv6jPyaJZmrUYxVZD2j8=

bootstrap-switch@3.3.4:
  version "3.3.4"
  resolved "https://registry.yarnpkg.com/bootstrap-switch/-/bootstrap-switch-3.3.4.tgz#70e0aeb2a877c0dc766991de108e2170fc29a2ff"
  integrity sha1-cOCusqh3wNx2aZHeEI4hcPwpov8=

bootstrap-touchspin@~3.1.1:
  version "3.1.1"
  resolved "https://registry.yarnpkg.com/bootstrap-touchspin/-/bootstrap-touchspin-3.1.1.tgz#9779deac72aaf577e5e762b8512c747c871d9597"
  integrity sha1-l3nerHKq9Xfl52K4USx0fIcdlZc=

bootstrap@3.4.x, bootstrap@^3.3:
  version "3.4.0"
  resolved "https://registry.yarnpkg.com/bootstrap/-/bootstrap-3.4.0.tgz#f8d77540dd3062283d2ae7687e21c1e691961640"
  integrity sha512-F1yTDO9OHKH0xjl03DsOe8Nu1OWBIeAugGMhy3UTIYDdbbIPesQIhCEbj+HEr6wqlwweGAlP8F3OBC6kEuhFuw==

bootstrap@~3.4.1:
  version "3.4.1"
  resolved "https://registry.yarnpkg.com/bootstrap/-/bootstrap-3.4.1.tgz#c3a347d419e289ad11f4033e3c4132b87c081d72"
  integrity sha512-yN5oZVmRCwe5aKwzRj6736nSmKDX7pLYwsXiCj/EYmo16hODaBiT4En5btW/jhBF/seV+XMx3aYwukYC3A49DA==

c3@~0.4.11:
  version "0.4.23"
  resolved "https://registry.yarnpkg.com/c3/-/c3-0.4.23.tgz#32ece135d0ac6d124187be5c6935903699643002"
  integrity sha512-fI6hbx1QoATU0gRQtPWsUGWX+ssXhxGH1ogew32KjVmGHFE4WmfmBkh+RkuHDoeCIoGFon7XTpKcwUZpBGW4mQ==
  dependencies:
    d3 "~3.5.0"

d3@~3.5.0, d3@~3.5.17:
  version "3.5.17"
  resolved "https://registry.yarnpkg.com/d3/-/d3-3.5.17.tgz#bc46748004378b21a360c9fc7cf5231790762fb8"
  integrity sha1-vEZ0gAQ3iyGjYMn8fPUjF5B2L7g=

datatables.net-bs@>=1.10.9:
  version "1.10.19"
  resolved "https://registry.yarnpkg.com/datatables.net-bs/-/datatables.net-bs-1.10.19.tgz#08763b4e4d0cef1a427d019dc15e717c7ed67a4d"
  integrity sha512-5gxoI2n+duZP06+4xVC2TtH6zcY369/TRKTZ1DdSgDcDUl4OYQsrXCuaLJmbVzna/5Y5lrMmK7CxgvYgIynICA==
  dependencies:
    datatables.net "1.10.19"
    jquery ">=1.7"

datatables.net-colreorder-bs@~1.3.2:
  version "1.3.3"
  resolved "https://registry.yarnpkg.com/datatables.net-colreorder-bs/-/datatables.net-colreorder-bs-1.3.3.tgz#3a9dcb08deebeb5d854079591e06e493ad793a53"
  integrity sha1-Op3LCN7r612FQHlZHgbkk615OlM=
  dependencies:
    datatables.net-bs ">=1.10.9"
    datatables.net-colreorder ">=1.2.0"
    jquery ">=1.7"

datatables.net-colreorder@>=1.2.0, datatables.net-colreorder@^1.4.1:
  version "1.5.1"
  resolved "https://registry.yarnpkg.com/datatables.net-colreorder/-/datatables.net-colreorder-1.5.1.tgz#ee5eacd7178b5fd9396aab44d4907aae35086f8c"
  integrity sha512-nKV0ZBOdOG+CCrtDZZlTOvhu9NC53pr4rYR8Xhd3KIKipLZohWWdBoOFGMu+VKDvllg2Xj79oS/wicYSiNyteA==
  dependencies:
    datatables.net "^1.10.15"
    jquery ">=1.7"

datatables.net-select@~1.2.0:
  version "1.2.7"
  resolved "https://registry.yarnpkg.com/datatables.net-select/-/datatables.net-select-1.2.7.tgz#7d5badfca49c438f8b51df04483d8d77857e917c"
  integrity sha512-C3XDi7wpruGjDXV36dc9hN/FrAX9GOFvBZ7+KfKJTBNkGFbbhdzHS91SMeGiwRXPYivAyxfPTcVVndVaO83uBQ==
  dependencies:
    datatables.net "^1.10.15"
    jquery ">=1.7"

datatables.net@1.10.19, datatables.net@^1.10.15:
  version "1.10.19"
  resolved "https://registry.yarnpkg.com/datatables.net/-/datatables.net-1.10.19.tgz#97a1ed41c85e62d61040603481b59790a172dd1f"
  integrity sha512-+ljXcI6Pj3PTGy5pesp3E5Dr3x3AV45EZe0o1r0gKENN2gafBKXodVnk2ypKwl2tTmivjxbkiqoWnipTefyBTA==
  dependencies:
    jquery ">=1.7"

drmonty-datatables-colvis@~1.1.2:
  version "1.1.2"
  resolved "https://registry.yarnpkg.com/drmonty-datatables-colvis/-/drmonty-datatables-colvis-1.1.2.tgz#96ab9edfb48643cc2edda3f87b88933cdee8127c"
  integrity sha1-lque37SGQ8wu3aP4e4iTPN7oEnw=
  dependencies:
    jquery ">=1.7.0"

eonasdan-bootstrap-datetimepicker@^4.17.47:
  version "4.17.47"
  resolved "https://registry.yarnpkg.com/eonasdan-bootstrap-datetimepicker/-/eonasdan-bootstrap-datetimepicker-4.17.47.tgz#7a49970044065276e7965efd16f822735219e735"
  integrity sha1-ekmXAEQGUnbnll79Fvgic1IZ5zU=
  dependencies:
    bootstrap "^3.3"
    jquery "^1.8.3 || ^2.0 || ^3.0"
    moment "^2.10"
    moment-timezone "^0.4.0"

font-awesome-sass@^4.7.0:
  version "4.7.0"
  resolved "https://registry.yarnpkg.com/font-awesome-sass/-/font-awesome-sass-4.7.0.tgz#4eda693e915009ce00b228e0964dc5eca9bc34e1"
  integrity sha1-TtppPpFQCc4Asijglk3F7Km8NOE=

font-awesome@^4.7.0:
  version "4.7.0"
  resolved "https://registry.yarnpkg.com/font-awesome/-/font-awesome-4.7.0.tgz#8fa8cf0411a1a31afd07b06d2902bb9fc815a133"
  integrity sha1-j6jPBBGhoxr9B7BtKQK7n8gVoTM=

google-code-prettify@~1.0.5:
  version "1.0.5"
  resolved "https://registry.yarnpkg.com/google-code-prettify/-/google-code-prettify-1.0.5.tgz#9f477f224dbfa62372e5ef803a7e157410400084"
  integrity sha1-n0d/Ik2/piNy5e+AOn4VdBBAAIQ=

jquery-match-height@^0.7.2:
  version "0.7.2"
  resolved "https://registry.yarnpkg.com/jquery-match-height/-/jquery-match-height-0.7.2.tgz#f8d9f3ba5314daab109cf07408674be204be5f0e"
  integrity sha1-+NnzulMU2qsQnPB0CGdL4gS+Xw4=

jquery@3.4.1, "jquery@>= 2.1.x", jquery@>=1.7, jquery@>=1.7.0, "jquery@>=1.7.1 <4.0.0", jquery@>=1.8, "jquery@^1.8.3 || ^2.0 || ^3.0", jquery@~3.4.1:
  version "3.4.1"
  resolved "https://registry.yarnpkg.com/jquery/-/jquery-3.4.1.tgz#714f1f8d9dde4bdfa55764ba37ef214630d80ef2"
  integrity sha512-36+AdBzCL+y6qjw5Tx7HgzeGCzC81MDDgaUP8ld2zhx58HdqXGoBd+tHdrBMiyjGQs0Hxs/MLZTu/eHNJJuWPw==

moment-timezone@^0.4.0, moment-timezone@^0.4.1:
  version "0.4.1"
  resolved "https://registry.yarnpkg.com/moment-timezone/-/moment-timezone-0.4.1.tgz#81f598c3ad5e22cdad796b67ecd8d88d0f5baa06"
  integrity sha1-gfWYw61eIs2teWtn7NjYjQ9bqgY=
  dependencies:
    moment ">= 2.6.0"

"moment@>= 2.6.0", moment@^2.10, moment@^2.19.1:
  version "2.23.0"
  resolved "https://registry.yarnpkg.com/moment/-/moment-2.23.0.tgz#759ea491ac97d54bac5ad776996e2a58cc1bc225"
  integrity sha512-3IE39bHVqFbWWaPOMHZF98Q9c3LDKGTmypMiTM2QygGXXElkFWIH7GxfmlwmY2vwa+wmNsoYZmG2iusf1ZjJoA==

patternfly-bootstrap-combobox@~1.1.7:
  version "1.1.7"
  resolved "https://registry.yarnpkg.com/patternfly-bootstrap-combobox/-/patternfly-bootstrap-combobox-1.1.7.tgz#6a5e3ccd1170c21b3c4b4aa168a7413e1ddbb6e1"
  integrity sha1-al48zRFwwhs8S0qhaKdBPh3btuE=

patternfly-bootstrap-treeview@~2.1.0:
  version "2.1.8"
  resolved "https://registry.yarnpkg.com/patternfly-bootstrap-treeview/-/patternfly-bootstrap-treeview-2.1.8.tgz#4a79e245e8421578b6ce89a52c94596f523ae16f"
  integrity sha512-Z3v+zJ0AEhMiySyj7qgUs4yGM8afJwjUUWgwSosWI9xpMsyJV+B+I+GzgRoGiukzh14EOl3EiX4qqMBC+nwqXQ==
  dependencies:
    bootstrap "3.4.x"
    jquery ">= 2.1.x"

patternfly@^3.59.3:
  version "3.59.3"
  resolved "https://registry.yarnpkg.com/patternfly/-/patternfly-3.59.3.tgz#e76a95fcdeb22763c1d7cd5836cb043ec7c5a782"
  integrity sha512-gStdjLCS9k6NmI2xCXa1IBK0s8p5l5dqMEh/zLEUwA+qdV6z6qwSxHe8QT3AjLyEy27qMSzmtUXxvkO1c8jENw==
  dependencies:
    bootstrap "~3.4.1"
    font-awesome "^4.7.0"
    jquery "~3.4.1"
  optionalDependencies:
    "@types/c3" "^0.6.0"
    bootstrap-datepicker "^1.7.1"
    bootstrap-sass "^3.4.0"
    bootstrap-select "1.12.2"
    bootstrap-slider "^9.9.0"
    bootstrap-switch "3.3.4"
    bootstrap-touchspin "~3.1.1"
    c3 "~0.4.11"
    d3 "~3.5.17"
    datatables.net "^1.10.15"
    datatables.net-colreorder "^1.4.1"
    datatables.net-colreorder-bs "~1.3.2"
    datatables.net-select "~1.2.0"
    drmonty-datatables-colvis "~1.1.2"
    eonasdan-bootstrap-datetimepicker "^4.17.47"
    font-awesome-sass "^4.7.0"
    google-code-prettify "~1.0.5"
    jquery-match-height "^0.7.2"
    moment "^2.19.1"
    moment-timezone "^0.4.1"
    patternfly-bootstrap-combobox "~1.1.7"
    patternfly-bootstrap-treeview "~2.1.0"
